github.com/dchote/go-openal v0.0.0-20171116030048-f4a9a141d372 h1:tz3KnXWtRZR0RWOfcMNOw+HHezWLQa7vfSOWTtKjchI=
github.com/dchote/go-openal v0.0.0-20171116030048-f4a9a141d372/go.mod h1:74z+CYu2/mx4N+mcIS/rsvfAxBPBV9uv8zRAnwyFkdI=
github.com/dchote/gpio v0.0.0-20160912012454-03d78156ad1a h1:jKxCPhfvlr7nVg1GrWAEhJT1m6H1QJJy9YeuSGrMMwk=
github.com/dchote/gpio v0.0.0-20160912012454-03d78156ad1a/go.mod h1:BRl23nR0S8U8dYKPYSOosARhdUViXvyLl4PXDvUDAhw=
github.com/go-ole/go-ole v1.2.4/go.mod h1:XCwSNxSkXRo4vlyPy93sltvi/qJq0jqQhjqQNIwKuxM=
github.com/golang/protobuf v1.3.1 h1:YF8+flBXS5eO826T4nzqPrxfhQThhXl0YzfuUPu4SBg=
github.com/golang/protobuf v1.3.1/go.mod h1:6lQm79b+lXiMfvg/cZm0SGofjICqVBUtrP5yJMmIC1U=
github.com/moutend/go-wca v0.2.0/go.mod h1:L/ka++dPvkHYz0UuQ/PIQ3aTuecoXOIM1RSAesh6RYU=
github.com/neuling/gumble v0.0.0-20210122181047-8d9b4f64c921 h1:XY7GMC8IjzZ3UcNOV6vVQQ6PHAB4sK97932uB1Zyrjg=
github.com/neuling/gumble v0.0.0-20210122181047-8d9b4f64c921/go.mod h1:XNOrFBjig4BQBFQT89YYDGr7KEgPNXg04xCup5S+lQs=
github.com/neuling/volume-go v0.2.2-0.20210124183746-061d26edcd6a h1:+K68FUWsI5OQy9mFsQadF5SASSIMGr/shO99N2YUvww=
github.com/neuling/volume-go v0.2.2-0.20210124183746-061d26edcd6a/go.mod h1:SqR+c5hjUrO4bhPtVa7+XXIx9J8/Rm97qD0oz3LZUDg=
github.com/neuling/volume-go v0.2.2-0.20210124185023-51f33f817045 h1:VP8LACJtrpSWzPmq/zH1wDtG6R9Djr5FNhXWc0cASPE=
github.com/neuling/volume-go v0.2.2-0.20210124185023-51f33f817045/go.mod h1:SqR+c5hjUrO4bhPtVa7+XXIx9J8/Rm97qD0oz3LZUDg=
github.com/neuling/volume-go v0.2.2-0.20210124191810-f3efb8f94c13 h1:hFoxkPlGK5mGLpiorG5VVL1v76Nx9c4M7DbfVkmia1I=
github.com/neuling/volume-go v0.2.2-0.20210124191810-f3efb8f94c13/go.mod h1:SqR+c5hjUrO4bhPtVa7+XXIx9J8/Rm97qD0oz3LZUDg=
github.com/neuling/volume-go v0.2.2-0.20210124191951-627e2f4765f7 h1:w+W0jsv/y9lBt/tI9nASVfxz8g/VWt/Lh+fEQ/cf0X8=
github.com/neuling/volume-go v0.2.2-0.20210124191951-627e2f4765f7/go.mod h1:SqR+c5hjUrO4bhPtVa7+XXIx9J8/Rm97qD0oz3LZUDg=
github.com/stianeikeland/go-rpio v4.2.0+incompatible h1:CUOlIxdJdT+H1obJPsmg8byu7jMSECLfAN9zynm5QGo=
github.com/stianeikeland/go-rpio v4.2.0+incompatible/go.mod h1:Sh81rdJwD96E2wja2Gd7rrKM+XZ9LrwvN2w4IXrqLR8=
layeh.com/gopus v0.0.0-20161224163843-0ebf989153aa h1:WNU4LYsgD2UHxgKgB36mL6iMAMOvr127alafSlgBbiA=
layeh.com/gopus v0.0.0-20161224163843-0ebf989153aa/go.mod h1:AOef7vHz0+v4sWwJnr0jSyHiX/1NgsMoaxl+rEPz/I0=
